github.com/aead/chacha20 v0.0.0-20180709150244-8b13a72661da h1:KjTM2ks9d14ZYCvmHS9iAKVt9AyzRSqNU1qabPih5BY=
github.com/aead/chacha20 v0.0.0-20180709150244-8b13a72661da/go.mod h1:eHEWzANqSiWQsof+nXEI9bUVUyV6F53Fp89EuCh2EAA=
golang.org/x/sys v0.0.0-20220915200043-7b5979e65e41 h1:ohgcoMbSofXygzo6AD2I1kz3BFmW1QArPYTtwEM3UXc=
golang.org/x/sys v0.0.0-20220915200043-7b5979e65e41/go.mod h1:oPkhp1MJrh7nUepCBck5+mAzfO9JrbApNNgaTdGDITg=
