gfx.cafe/util/go/frand v0.0.0-20230502013805-237fcc25d586 h1:TRKP4asc+yZJegu7+kEbRm+VQxEVUVw54N+Z87ezZW4=
gfx.cafe/util/go/frand v0.0.0-20230502013805-237fcc25d586/go.mod h1:LNHxMJl0WnIr5+OChYxlVopxk+j7qxZv0XvWCzB6uGE=
gfx.cafe/util/go/retry v0.0.0-20230502013805-237fcc25d586 h1:oicGKgSZEDJXbX5HPOMm35JP1gE8itkPvfS6eLDJbTo=
gfx.cafe/util/go/retry v0.0.0-20230502013805-237fcc25d586/go.mod h1:tHZUi/kZURFw3cQF3J1Z6WPzEyVLDlX+3zlixFEtF5o=
github.com/aead/chacha20 v0.0.0-20180709150244-8b13a72661da h1:KjTM2ks9d14ZYCvmHS9iAKVt9AyzRSqNU1qabPih5BY=
github.com/aead/chacha20 v0.0.0-20180709150244-8b13a72661da/go.mod h1:eHEWzANqSiWQsof+nXEI9bUVUyV6F53Fp89EuCh2EAA=
github.com/davecgh/go-spew v1.1.1 h1:vj9j/u1bqnvCEfJOwUhtlOARqs3+rkHYY13jYWTU97c=
github.com/pmezard/go-difflib v1.0.0 h1:4DBwDE0NGyQoBHbLQYPwSUPoCMWR5BEzIk/f1lZbAQM=
github.com/stretchr/testify v1.8.1 h1:w7B6lhMri9wdJUVmEZPGGhZzrYTPvgJArz7wNPgYKsk=
golang.org/x/sync v0.3.0 h1:ftCYgMx6zT/asHUrPw8BLLscYtGznsLAnjq5RH9P66E=
golang.org/x/sync v0.3.0/go.mod h1:FU7BRWz2tNW+3quACPkgCx/L+uEAv1htQ0V83Z9Rj+Y=
golang.org/x/sys v0.1.0 h1:kunALQeHf1/185U1i0GOB/fy1IPRDDpuoOOqRReG57U=
golang.org/x/sys v0.1.0/go.mod h1:oPkhp1MJrh7nUepCBck5+mAzfO9JrbApNNgaTdGDITg=
gopkg.in/yaml.v3 v3.0.1 h1:fxVm/GzAzEWqLHuvctI91KS9hhNmmWOoWu0XTYJS7CA=
